hash: 5ce67ad3ba9c6782bd46851c5a7c4a9c99d42d27e258cd9856c317f99bd11e38
updated: 2017-03-02T13:05:34.80544589-05:00
imports:
- name: github.com/fsnotify/fsnotify
  version: 7d7316ed6e1ed2de075aab8dfc76de5d158d66e1
- name: github.com/hashicorp/hcl
  version: 630949a3c5fa3c613328e1b8256052cbc2327c9b
  subpackages:
  - hcl/ast
  - hcl/parser
  - hcl/scanner
  - hcl/strconv
  - hcl/token
  - json/parser
  - json/scanner
  - json/token
- name: github.com/inconshreveable/mousetrap
  version: 76626ae9c91c4f2a10f34cad8ce83ea42c93bb75
- name: github.com/magiconair/properties
  version: b3b15ef068fd0b17ddf408a23669f20811d194d2
- name: github.com/mitchellh/mapstructure
  version: db1efb556f84b25a0a13a04aad883943538ad2e0
- name: github.com/pelletier/go-buffruneio
  version: c37440a7cf42ac63b919c752ca73a85067e05992
- name: github.com/pelletier/go-toml
  version: 13d49d4606eb801b8f01ae542b4afc4c6ee3d84a
- name: github.com/spf13/afero
  version: 9be650865eab0c12963d8753212f4f9c66cdcf12
  subpackages:
  - mem
- name: github.com/spf13/cast
  version: f820543c3592e283e311a60d2a600a664e39f6f7
- name: github.com/spf13/cobra
  version: fcd0c5a1df88f5d6784cb4feead962c3f3d0b66c
- name: github.com/spf13/jwalterweatherman
  version: fa7ca7e836cf3a8bb4ebf799f472c12d7e903d66
- name: github.com/spf13/pflag
  version: 9ff6c6923cfffbcd502984b8e0c80539a94968b7
- name: github.com/spf13/viper
  version: 7538d73b4eb9511d85a9f1dfef202eeb8ac260f4
- name: golang.org/x/sys
  version: 76cc09b634294339fa19ec41b5f2a0b3932cea8b
  subpackages:
  - unix
- name: golang.org/x/text
  version: d680ca3ed853995402af43b866311167281bdc20
  subpackages:
  - transform
  - unicode/norm
- name: gopkg.in/yaml.v2
  version: a3f3340b5840cee44f372bddb5880fcbc419b46a
testImports: []
