github.com/Sirupsen/logrus v0.8.7 h1:hGa+d4KZNNNDmzAj6vlkeOQsgjrh8zg4EXB81mWoTm4=
github.com/Sirupsen/logrus v0.8.7/go.mod h1:rmk17hk6i8ZSAJkSDa7nOxamrG+SP4P0mm+DAvExv4U=
github.com/davecgh/go-spew v1.1.0 h1:ZDRjVQ15GmhC3fiQ8ni8+OwkZQO4DARzQgrnXU1Liz8=
github.com/davecgh/go-spew v1.1.0/go.mod h1:J7Y8YcW2NihsgmVo/mv3lAwl/skON4iLHjSsI+c5H38=
github.com/fatih/structs v1.0.0 h1:BrX964Rv5uQ3wwS+KRUAJCBBw5PQmgJfJ6v4yly5QwU=
github.com/fatih/structs v1.0.0/go.mod h1:9NiDSp5zOcgEDl+j00MP/WkGVPOlPRLejGD8Ga6PJ7M=
github.com/gobuffalo/envy v0.0.0-20170329164212-f9545cd7564a h1:a91XhPCC7Je8YzHnkvm8K+IDU/JO865R+alaJX5xAXU=
github.com/gobuffalo/envy v0.0.0-20170329164212-f9545cd7564a/go.mod h1:gOxUQY+OEwqH1a2m25Sqax1GIhj31tPNOIdFzj8QThs=
github.com/inconshreveable/mousetrap v1.0.0 h1:Z8tu5sraLXCXIcARxBp/8cbvlwVa7Z1NHg9XEKhtSvM=
github.com/inconshreveable/mousetrap v1.0.0/go.mod h1:PxqpIevigyE2G7u3NXJIT2ANytuPF1OarO4DADm73n8=
github.com/mitchellh/go-homedir v0.0.0-20161203194507-b8bc1bf76747 h1:eQox4Rh4ewJF+mqYPxCkmBAirRnPaHEB26UkNuPyjlk=
github.com/mitchellh/go-homedir v0.0.0-20161203194507-b8bc1bf76747/go.mod h1:SfyaCUpYCn1Vlf4IUYiD9fPX4A5wJrkLzIz1N1q0pr0=
github.com/pkg/errors v0.8.0 h1:WdK/asTD0HN+q6hsWO3/vpuAkAr+tw6aNJNDFFf0+qw=
github.com/pkg/errors v0.8.0/go.mod h1:bwawxfHBFNV+L2hUp1rHADufV3IMtnDRdf1r5NINEl0=
github.com/pmezard/go-difflib v1.0.0 h1:4DBwDE0NGyQoBHbLQYPwSUPoCMWR5BEzIk/f1lZbAQM=
github.com/pmezard/go-difflib v1.0.0/go.mod h1:iKH77koFhYxTK1pcRnkKkqfTogsbg7gZNVY4sRDYZ/4=
github.com/sergi/go-diff v0.0.0-20170409071739-feef008d51ad h1:tSFsPEWlyDYLf376k3+aunLH2qE7TMd/8arj5jZtqg8=
github.com/sergi/go-diff v0.0.0-20170409071739-feef008d51ad/go.mod h1:0CfEIISq7TuYL3j771MWULgwwjU+GofnZX9QAmXWZgo=
github.com/spf13/cobra v0.0.0-20170408144537-5deb57bbca49 h1:UR8nDfJkjrbJwoiCIM6xCMCPV5ESerl0fHkcJvVfNBI=
github.com/spf13/cobra v0.0.0-20170408144537-5deb57bbca49/go.mod h1:1l0Ry5zgKvJasoi3XT1TypsSe7PqH0Sj9dhYf7v3XqQ=
github.com/spf13/pflag v0.0.0-20170412152249-e453343e6260 h1:Rel8ggqtJ8xEfIJKPRDcF/f8a5Ukr6Wsyen4uGcYh+k=
github.com/spf13/pflag v0.0.0-20170412152249-e453343e6260/go.mod h1:DYY7MBk1bdzusC3SYhjObp+wFpr4gzcvqqNjLnInEg4=
github.com/src-d/gcfg v1.3.0 h1:2BEDr8r0I0b8h/fOqwtxCEiq2HJu8n2JGZJQFGXWLjg=
github.com/src-d/gcfg v1.3.0/go.mod h1:p/UMsR43ujA89BJY9duynAwIpvqEujIH/jFlfL7jWoI=
github.com/stretchr/testify v1.1.4 h1:ToftOQTytwshuOSj6bDSolVUa3GINfJP/fg3OkkOzQQ=
github.com/stretchr/testify v1.1.4/go.mod h1:a8OnRcib4nhh0OaRAV+Yts87kKdq0PP7pXfy6kDkUVs=
golang.org/x/crypto v0.0.0-20170503145823-04eae0b62fea h1:8Zh8Q6pDoz1VF0lZFYWXvtegXy+VoT6DYfko+dR/pZo=
golang.org/x/crypto v0.0.0-20170503145823-04eae0b62fea/go.mod h1:6SG95UA2DQfeDnfUPMdvaQW0Q7yPrPDi9nlGo2tz2b4=
golang.org/x/tools v0.0.0-20170428054726-2382e3994d48 h1:Al/HKLBwsMBsWhxa71LOWO8MeCbD21L+x5rHb83JHjI=
golang.org/x/tools v0.0.0-20170428054726-2382e3994d48/go.mod h1:n7NCudcB/nEzxVGmLbDWY5pfWTLqBcC2KZ6jyYvM4mQ=
gopkg.in/src-d/go-billy.v2 v2.0.4 h1:C+9PfL7wE6Y853BX2ocE8eibv9sE4JfOPhr34diq+QA=
gopkg.in/src-d/go-billy.v2 v2.0.4/go.mod h1:m4GSD3uLi4o5L9Lnfz8P76M0pqdqRDMYxjuwBCof0UI=
gopkg.in/src-d/go-git.v4 v4.0.0-rc9.0.20170328035333-36c78b9d1b1e h1:+WvI2FV7JSh33WO3gsM7MSx9LJyLj7tjlIbMpXdZT/Q=
gopkg.in/src-d/go-git.v4 v4.0.0-rc9.0.20170328035333-36c78b9d1b1e/go.mod h1:CzbUWqMn4pvmvndg3gnh5iZFmSsbhyhUWdI0IQ60AQo=
gopkg.in/warnings.v0 v0.1.1 h1:XM28wIgFzaBmeZ5dNHIpWLQpt/9DGKxk+rCg/22nnYE=
gopkg.in/warnings.v0 v0.1.1/go.mod h1:jksf8JmL6Qr/oQM2OXTHunEvvTAsrWBLb6OOjuVWRNI=
