# This file is autogenerated, do not edit; changes may be undone by the next 'dep ensure'.


[[projects]]
  digest = "1:32d34177096503a2b24d5533fcf9f1ca76324fb5ab566d44b45ee0c0ff3f0f0d"
  name = "github.com/Sirupsen/logrus"
  packages = ["."]
  pruneopts = ""
  revision = "418b41d23a1bf978c06faea5313ba194650ac088"
  version = "v0.8.7"

[[projects]]
  digest = "1:60bcf1edb75ddc75b9e4921290b4ed544fac86b9d8ea1ca0b37e5e70cfa8d26a"
  name = "github.com/codeclimate/test-reporter"
  packages = [
    "cmd",
    "env",
    "formatters",
    "formatters/clover",
    "formatters/cobertura",
    "formatters/coveragepy",
    "formatters/excoveralls",
    "formatters/gcov",
    "formatters/gocov",
    "formatters/jacoco",
    "formatters/lcov",
    "formatters/simplecov",
    "formatters/xccov",
    "upload",
    "version",
  ]
  pruneopts = ""
  revision = "461a1eb70591796e7ef59b10b5c0bd6dad9e105b"
  version = "v0.7.0"

[[projects]]
  digest = "1:56c130d885a4aacae1dd9c7b71cfe39912c7ebc1ff7d2b46083c8812996dc43b"
  name = "github.com/davecgh/go-spew"
  packages = ["spew"]
  pruneopts = ""
  revision = "346938d642f2ec3594ed81d874461961cd0faa76"
  version = "v1.1.0"

[[projects]]
  digest = "1:55848e643a99a9dfceb19e090ce67111328fbb1780f34c62a0430994ff85fb90"
  name = "github.com/fatih/structs"
  packages = ["."]
  pruneopts = ""
  revision = "a720dfa8df582c51dee1b36feabb906bde1588bd"
  version = "v1.0"

[[projects]]
  branch = "master"
  digest = "1:06612ea92888b285429cc79a53ed1b1387278eae97d76e783bae3d9fe9895c1d"
  name = "github.com/gobuffalo/envy"
  packages = ["."]
  pruneopts = ""
  revision = "f9545cd7564a92b306df0be590567ff5bae5750c"

[[projects]]
  branch = "master"
  digest = "1:870d441fe217b8e689d7949fef6e43efbc787e50f200cb1e70dbca9204a1d6be"
  name = "github.com/inconshreveable/mousetrap"
  packages = ["."]
  pruneopts = ""
  revision = "76626ae9c91c4f2a10f34cad8ce83ea42c93bb75"

[[projects]]
  branch = "master"
  digest = "1:59d11e81d6fdd12a771321696bb22abdd9a94d26ac864787e98c9b419e428734"
  name = "github.com/mitchellh/go-homedir"
  packages = ["."]
  pruneopts = ""
  revision = "b8bc1bf767474819792c23f32d8286a45736f1c6"

[[projects]]
  digest = "1:7365acd48986e205ccb8652cc746f09c8b7876030d53710ea6ef7d0bd0dcd7ca"
  name = "github.com/pkg/errors"
  packages = ["."]
  pruneopts = ""
  revision = "645ef00459ed84a119197bfb8d8205042c6df63d"
  version = "v0.8.0"

[[projects]]
  digest = "1:256484dbbcd271f9ecebc6795b2df8cad4c458dd0f5fd82a8c2fa0c29f233411"
  name = "github.com/pmezard/go-difflib"
  packages = ["difflib"]
  pruneopts = ""
  revision = "792786c7400a136282c1664665ae0a8db921c6c2"
  version = "v1.0.0"

[[projects]]
  branch = "master"
  digest = "1:decb2fcc9c8b25116315ac0f7bd76d0dfe1f1e5049de4ffae4de760d762a1bd4"
  name = "github.com/sergi/go-diff"
  packages = ["diffmatchpatch"]
  pruneopts = ""
  revision = "feef008d51ad2b3778f85d387ccf91735543008d"

[[projects]]
  branch = "master"
  digest = "1:b0681e82e3a54a4b14f851956bff94498887a5f016654b8bdbcfa18de9599515"
  name = "github.com/spf13/cobra"
  packages = ["."]
  pruneopts = ""
  revision = "5deb57bbca49eb370538fc295ba4b2988f9f5e09"

[[projects]]
  branch = "master"
  digest = "1:c250aa1b81ce44e85aa6025a19731f58fc293449a49a6e8cea502a020b773f62"
  name = "github.com/spf13/pflag"
  packages = ["."]
  pruneopts = ""
  revision = "e453343e6260b4a3a89f1f0e10a2fbb07f8d9750"

[[projects]]
  digest = "1:b1861b9a1aa0801b0b62945ed7477c1ab61a4bd03b55dfbc27f6d4f378110c8c"
  name = "github.com/src-d/gcfg"
  packages = [
    ".",
    "scanner",
    "token",
    "types",
  ]
  pruneopts = ""
  revision = "f187355171c936ac84a82793659ebb4936bc1c23"
  version = "v1.3.0"

[[projects]]
  digest = "1:3926a4ec9a4ff1a072458451aa2d9b98acd059a45b38f7335d31e06c3d6a0159"
  name = "github.com/stretchr/testify"
  packages = [
    "assert",
    "require",
  ]
  pruneopts = ""
  revision = "69483b4bd14f5845b5a1e55bca19e954e827f1d0"
  version = "v1.1.4"

[[projects]]
  branch = "master"
  digest = "1:2f4111409cb0ab80065129d9010e53cb9d2d3ac0dfe97caf6375b4d23a5ff296"
  name = "golang.org/x/crypto"
  packages = [
    "curve25519",
    "ed25519",
    "ed25519/internal/edwards25519",
    "ssh",
    "ssh/agent",
  ]
  pruneopts = ""
  revision = "04eae0b62feaaf659a0ce2c4e8dc70b6ae2fff67"

[[projects]]
  branch = "master"
  digest = "1:fdf228f151887e7b0668f4485cbfd4ec78bc0133091ccdcd6312e93fd83c3c2c"
  name = "golang.org/x/tools"
  packages = ["cover"]
  pruneopts = ""
  revision = "2382e3994d48b1d22acc2c86bcad0a2aff028e32"

[[projects]]
  digest = "1:c88621ef1a8ab20140a342e5331fb94f7102373cd7486fbab7410e3834c07769"
  name = "gopkg.in/src-d/go-billy.v2"
  packages = [
    ".",
    "osfs",
  ]
  pruneopts = ""
  revision = "99d839800b93542496ec19319f37abacf17f589f"
  version = "v2.0.4"

[[projects]]
  branch = "v4"
  digest = "1:9c8e7d25a56cf12951a8713584011e7f7c642683731f97524341914865f2fa53"
  name = "gopkg.in/src-d/go-git.v4"
  packages = [
    ".",
    "config",
    "internal/revision",
    "plumbing",
    "plumbing/cache",
    "plumbing/filemode",
    "plumbing/format/config",
    "plumbing/format/idxfile",
    "plumbing/format/index",
    "plumbing/format/objfile",
    "plumbing/format/packfile",
    "plumbing/format/pktline",
    "plumbing/object",
    "plumbing/protocol/packp",
    "plumbing/protocol/packp/capability",
    "plumbing/protocol/packp/sideband",
    "plumbing/revlist",
    "plumbing/storer",
    "plumbing/transport",
    "plumbing/transport/client",
    "plumbing/transport/file",
    "plumbing/transport/git",
    "plumbing/transport/http",
    "plumbing/transport/internal/common",
    "plumbing/transport/server",
    "plumbing/transport/ssh",
    "storage",
    "storage/filesystem",
    "storage/filesystem/internal/dotgit",
    "storage/memory",
    "utils/binary",
    "utils/diff",
    "utils/ioutil",
    "utils/merkletrie",
    "utils/merkletrie/internal/frame",
    "utils/merkletrie/noder",
  ]
  pruneopts = ""
  revision = "36c78b9d1b1eea682703fb1cbb0f4f3144354389"

[[projects]]
  digest = "1:d07c27023e193880fb8a8ca112c63cbb3fc5bc4264103da554f4181e785da54e"
  name = "gopkg.in/warnings.v0"
  packages = ["."]
  pruneopts = ""
  revision = "8a331561fe74dadba6edfc59f3be66c22c3b065d"
  version = "v0.1.1"

[solve-meta]
  analyzer-name = "dep"
  analyzer-version = 1
  input-imports = [
    "github.com/Sirupsen/logrus",
    "github.com/codeclimate/test-reporter/cmd",
    "github.com/codeclimate/test-reporter/env",
    "github.com/codeclimate/test-reporter/formatters",
    "github.com/codeclimate/test-reporter/formatters/clover",
    "github.com/codeclimate/test-reporter/formatters/cobertura",
    "github.com/codeclimate/test-reporter/formatters/coveragepy",
    "github.com/codeclimate/test-reporter/formatters/excoveralls",
    "github.com/codeclimate/test-reporter/formatters/gcov",
    "github.com/codeclimate/test-reporter/formatters/gocov",
    "github.com/codeclimate/test-reporter/formatters/jacoco",
    "github.com/codeclimate/test-reporter/formatters/lcov",
    "github.com/codeclimate/test-reporter/formatters/simplecov",
    "github.com/codeclimate/test-reporter/formatters/xccov",
    "github.com/codeclimate/test-reporter/upload",
    "github.com/codeclimate/test-reporter/version",
    "github.com/fatih/structs",
    "github.com/gobuffalo/envy",
    "github.com/pkg/errors",
    "github.com/spf13/cobra",
    "github.com/stretchr/testify/require",
    "golang.org/x/tools/cover",
    "gopkg.in/src-d/go-git.v4",
    "gopkg.in/src-d/go-git.v4/plumbing",
    "gopkg.in/src-d/go-git.v4/plumbing/object",
  ]
  solver-name = "gps-cdcl"
  solver-version = 1
